
Microsoft Visual Studio Solution File, Format Version 12.00
# Visual Studio Version 17
VisualStudioVersion = 17.7.34202.233
MinimumVisualStudioVersion = 10.0.40219.1
Project("{FAE04EC0-301F-11D3-BF4B-00C04F79EFBC}") = "BattleShipLinux", "BattleShipLinux.csproj", "{810F50BA-A73F-4D58-BF56-A17A65C7781B}"
EndProject
Global
	GlobalSection(SolutionConfigurationPlatforms) = preSolution
		Debug|Any CPU = Debug|Any CPU
		Release|Any CPU = Release|Any CPU
	EndGlobalSection
	GlobalSection(ProjectConfigurationPlatforms) = postSolution
		{810F50BA-A73F-4D58-BF56-A17A65C7781B}.Debug|Any CPU.ActiveCfg = Debug|Any CPU
		{810F50BA-A73F-4D58-BF56-A17A65C7781B}.Debug|Any CPU.Build.0 = Debug|Any CPU
		{810F50BA-A73F-4D58-BF56-A17A65C7781B}.Release|Any CPU.ActiveCfg = Release|Any CPU
		{810F50BA-A73F-4D58-BF56-A17A65C7781B}.Release|Any CPU.Build.0 = Release|Any CPU
	EndGlobalSection
	GlobalSection(SolutionProperties) = preSolution
		HideSolutionNode = FALSE
	EndGlobalSection
	GlobalSection(ExtensibilityGlobals) = postSolution
		SolutionGuid = {D24C272C-CECE-43D1-A383-7263182D0C4B}
	EndGlobalSection
EndGlobal
